
Microsoft Visual Studio Solution File, Format Version 12.00
# Visual Studio 15
VisualStudioVersion = 15.0.27703.2000
MinimumVisualStudioVersion = 10.0.40219.1
Project("{FAE04EC0-301F-11D3-BF4B-00C04F79EFBC}") = "Rules.Framework", "Rules.Framework\Rules.Framework.csproj", "{3193A341-094C-4808-9972-173418268894}"
EndProject
Global
	GlobalSection(SolutionConfigurationPlatforms) = preSolution
		Debug|Any CPU = Debug|Any CPU
		Release|Any CPU = Release|Any CPU
	EndGlobalSection
	GlobalSection(ProjectConfigurationPlatforms) = postSolution
		{3193A341-094C-4808-9972-173418268894}.Debug|Any CPU.ActiveCfg = Debug|Any CPU
		{3193A341-094C-4808-9972-173418268894}.Debug|Any CPU.Build.0 = Debug|Any CPU
		{3193A341-094C-4808-9972-173418268894}.Release|Any CPU.ActiveCfg = Release|Any CPU
		{3193A341-094C-4808-9972-173418268894}.Release|Any CPU.Build.0 = Release|Any CPU
	EndGlobalSection
	GlobalSection(SolutionProperties) = preSolution
		HideSolutionNode = FALSE
	EndGlobalSection
	GlobalSection(ExtensibilityGlobals) = postSolution
		SolutionGuid = {FA9D4C31-972B-49C2-9F63-C56ED766DAB0}
	EndGlobalSection
EndGlobal
