
Microsoft Visual Studio Solution File, Format Version 12.00
# Visual Studio Version 17
VisualStudioVersion = 17.1.32414.318
MinimumVisualStudioVersion = 10.0.40219.1
Project("{9A19103F-16F7-4668-BE54-9A1E7A4F7556}") = "Rules.Framework", "src\Rules.Framework\Rules.Framework.csproj", "{3193A341-094C-4808-9972-173418268894}"
EndProject
Project("{9A19103F-16F7-4668-BE54-9A1E7A4F7556}") = "Rules.Framework.Tests", "tests\Rules.Framework.Tests\Rules.Framework.Tests.csproj", "{1611F1C6-37BB-4775-B845-6DE76278D8F3}"
EndProject
Project("{9A19103F-16F7-4668-BE54-9A1E7A4F7556}") = "Rules.Framework.IntegrationTests", "tests\Rules.Framework.IntegrationTests\Rules.Framework.IntegrationTests.csproj", "{50B87DC0-4501-48F4-A61F-33ED4CF88410}"
EndProject
Project("{2150E333-8FDC-42A3-9474-1A3956D46DE8}") = "tests", "tests", "{74E24C97-8EE4-4B69-AECD-4765FD2C751F}"
EndProject
Project("{2150E333-8FDC-42A3-9474-1A3956D46DE8}") = "src", "src", "{AEE746EC-CEAA-4892-8C29-0CAAB97A23A8}"
EndProject
Project("{2150E333-8FDC-42A3-9474-1A3956D46DE8}") = "Solution Items", "Solution Items", "{1587AF1F-B08C-436A-835B-1D4ABEE847BB}"
	ProjectSection(SolutionItems) = preProject
		.editorconfig = .editorconfig
	EndProjectSection
EndProject
Project("{9A19103F-16F7-4668-BE54-9A1E7A4F7556}") = "Rules.Framework.Providers.MongoDb", "src\Rules.Framework.Providers.MongoDb\Rules.Framework.Providers.MongoDb.csproj", "{460130DF-2360-494C-BB6F-BD87B033DF9D}"
EndProject
Project("{9A19103F-16F7-4668-BE54-9A1E7A4F7556}") = "Rules.Framework.Providers.MongoDb.IntegrationTests", "tests\Rules.Framework.Providers.MongoDb.IntegrationTests\Rules.Framework.Providers.MongoDb.IntegrationTests.csproj", "{8E14BC18-583F-43EF-99CF-08932D6303A0}"
EndProject
Project("{9A19103F-16F7-4668-BE54-9A1E7A4F7556}") = "Rules.Framework.Providers.MongoDb.Tests", "tests\Rules.Framework.Providers.MongoDb.Tests\Rules.Framework.Providers.MongoDb.Tests.csproj", "{C2957B7C-D601-4850-BCCE-D9AEF07225AB}"
EndProject
Project("{9A19103F-16F7-4668-BE54-9A1E7A4F7556}") = "Rules.Framework.Providers.InMemory", "src\Rules.Framework.Providers.InMemory\Rules.Framework.Providers.InMemory.csproj", "{D3A17A64-CC74-4EA0-95EA-9E141913BF70}"
EndProject
Project("{9A19103F-16F7-4668-BE54-9A1E7A4F7556}") = "Rules.Framework.IntegrationTests.Common", "tests\Rules.Framework.IntegrationTests.Common\Rules.Framework.IntegrationTests.Common.csproj", "{7C04ECEF-6504-453D-ABD8-FD3D5A2CF7F6}"
EndProject
Project("{9A19103F-16F7-4668-BE54-9A1E7A4F7556}") = "Rules.Framework.Providers.InMemory.IntegrationTests", "tests\Rules.Framework.Providers.InMemory.IntegrationTests\Rules.Framework.Providers.InMemory.IntegrationTests.csproj", "{69BBA04D-116C-48EA-A8FD-ECC8CA0D57BE}"
EndProject
Project("{9A19103F-16F7-4668-BE54-9A1E7A4F7556}") = "Rules.Framework.Providers.InMemory.Tests", "tests\Rules.Framework.Providers.InMemory.Tests\Rules.Framework.Providers.InMemory.Tests.csproj", "{BB319C5B-9BF5-4DDB-B522-CFC64D7272C4}"
EndProject
Project("{2150E333-8FDC-42A3-9474-1A3956D46DE8}") = "Samples", "Samples", "{3125C5B5-0FD5-4370-9E22-A44A3BCEED59}"
EndProject
Project("{9A19103F-16F7-4668-BE54-9A1E7A4F7556}") = "Rules.Framework.InMemory.Sample", "samples\Rules.Framework.InMemory.Sample\Rules.Framework.InMemory.Sample.csproj", "{DB242766-733B-4073-B20C-E2AA6D13DB8C}"
EndProject
Project("{9A19103F-16F7-4668-BE54-9A1E7A4F7556}") = "Rules.Framework.WebUI", "src\Rules.Framework.WebUI\Rules.Framework.WebUI.csproj", "{9AE36DC8-12D7-4D12-AA97-7178B98C7132}"
EndProject
Project("{9A19103F-16F7-4668-BE54-9A1E7A4F7556}") = "Rules.Framework.WebUI.Sample", "samples\Rules.Framework.WebUI.Sample\Rules.Framework.WebUI.Sample.csproj", "{66C28799-91D1-490C-8933-E674B4F33DF5}"
EndProject
Global
	GlobalSection(SolutionConfigurationPlatforms) = preSolution
		Debug|Any CPU = Debug|Any CPU
		Release|Any CPU = Release|Any CPU
	EndGlobalSection
	GlobalSection(ProjectConfigurationPlatforms) = postSolution
		{3193A341-094C-4808-9972-173418268894}.Debug|Any CPU.ActiveCfg = Debug|Any CPU
		{3193A341-094C-4808-9972-173418268894}.Debug|Any CPU.Build.0 = Debug|Any CPU
		{3193A341-094C-4808-9972-173418268894}.Release|Any CPU.ActiveCfg = Release|Any CPU
		{3193A341-094C-4808-9972-173418268894}.Release|Any CPU.Build.0 = Release|Any CPU
		{1611F1C6-37BB-4775-B845-6DE76278D8F3}.Debug|Any CPU.ActiveCfg = Debug|Any CPU
		{1611F1C6-37BB-4775-B845-6DE76278D8F3}.Debug|Any CPU.Build.0 = Debug|Any CPU
		{1611F1C6-37BB-4775-B845-6DE76278D8F3}.Release|Any CPU.ActiveCfg = Release|Any CPU
		{1611F1C6-37BB-4775-B845-6DE76278D8F3}.Release|Any CPU.Build.0 = Release|Any CPU
		{50B87DC0-4501-48F4-A61F-33ED4CF88410}.Debug|Any CPU.ActiveCfg = Debug|Any CPU
		{50B87DC0-4501-48F4-A61F-33ED4CF88410}.Debug|Any CPU.Build.0 = Debug|Any CPU
		{50B87DC0-4501-48F4-A61F-33ED4CF88410}.Release|Any CPU.ActiveCfg = Release|Any CPU
		{50B87DC0-4501-48F4-A61F-33ED4CF88410}.Release|Any CPU.Build.0 = Release|Any CPU
		{460130DF-2360-494C-BB6F-BD87B033DF9D}.Debug|Any CPU.ActiveCfg = Debug|Any CPU
		{460130DF-2360-494C-BB6F-BD87B033DF9D}.Debug|Any CPU.Build.0 = Debug|Any CPU
		{460130DF-2360-494C-BB6F-BD87B033DF9D}.Release|Any CPU.ActiveCfg = Release|Any CPU
		{460130DF-2360-494C-BB6F-BD87B033DF9D}.Release|Any CPU.Build.0 = Release|Any CPU
		{8E14BC18-583F-43EF-99CF-08932D6303A0}.Debug|Any CPU.ActiveCfg = Debug|Any CPU
		{8E14BC18-583F-43EF-99CF-08932D6303A0}.Debug|Any CPU.Build.0 = Debug|Any CPU
		{8E14BC18-583F-43EF-99CF-08932D6303A0}.Release|Any CPU.ActiveCfg = Release|Any CPU
		{8E14BC18-583F-43EF-99CF-08932D6303A0}.Release|Any CPU.Build.0 = Release|Any CPU
		{C2957B7C-D601-4850-BCCE-D9AEF07225AB}.Debug|Any CPU.ActiveCfg = Debug|Any CPU
		{C2957B7C-D601-4850-BCCE-D9AEF07225AB}.Debug|Any CPU.Build.0 = Debug|Any CPU
		{C2957B7C-D601-4850-BCCE-D9AEF07225AB}.Release|Any CPU.ActiveCfg = Release|Any CPU
		{C2957B7C-D601-4850-BCCE-D9AEF07225AB}.Release|Any CPU.Build.0 = Release|Any CPU
		{D3A17A64-CC74-4EA0-95EA-9E141913BF70}.Debug|Any CPU.ActiveCfg = Debug|Any CPU
		{D3A17A64-CC74-4EA0-95EA-9E141913BF70}.Debug|Any CPU.Build.0 = Debug|Any CPU
		{D3A17A64-CC74-4EA0-95EA-9E141913BF70}.Release|Any CPU.ActiveCfg = Release|Any CPU
		{D3A17A64-CC74-4EA0-95EA-9E141913BF70}.Release|Any CPU.Build.0 = Release|Any CPU
		{7C04ECEF-6504-453D-ABD8-FD3D5A2CF7F6}.Debug|Any CPU.ActiveCfg = Debug|Any CPU
		{7C04ECEF-6504-453D-ABD8-FD3D5A2CF7F6}.Debug|Any CPU.Build.0 = Debug|Any CPU
		{7C04ECEF-6504-453D-ABD8-FD3D5A2CF7F6}.Release|Any CPU.ActiveCfg = Release|Any CPU
		{7C04ECEF-6504-453D-ABD8-FD3D5A2CF7F6}.Release|Any CPU.Build.0 = Release|Any CPU
		{69BBA04D-116C-48EA-A8FD-ECC8CA0D57BE}.Debug|Any CPU.ActiveCfg = Debug|Any CPU
		{69BBA04D-116C-48EA-A8FD-ECC8CA0D57BE}.Debug|Any CPU.Build.0 = Debug|Any CPU
		{69BBA04D-116C-48EA-A8FD-ECC8CA0D57BE}.Release|Any CPU.ActiveCfg = Release|Any CPU
		{69BBA04D-116C-48EA-A8FD-ECC8CA0D57BE}.Release|Any CPU.Build.0 = Release|Any CPU
		{BB319C5B-9BF5-4DDB-B522-CFC64D7272C4}.Debug|Any CPU.ActiveCfg = Debug|Any CPU
		{BB319C5B-9BF5-4DDB-B522-CFC64D7272C4}.Debug|Any CPU.Build.0 = Debug|Any CPU
		{BB319C5B-9BF5-4DDB-B522-CFC64D7272C4}.Release|Any CPU.ActiveCfg = Release|Any CPU
		{BB319C5B-9BF5-4DDB-B522-CFC64D7272C4}.Release|Any CPU.Build.0 = Release|Any CPU
		{DB242766-733B-4073-B20C-E2AA6D13DB8C}.Debug|Any CPU.ActiveCfg = Debug|Any CPU
		{DB242766-733B-4073-B20C-E2AA6D13DB8C}.Debug|Any CPU.Build.0 = Debug|Any CPU
		{DB242766-733B-4073-B20C-E2AA6D13DB8C}.Release|Any CPU.ActiveCfg = Release|Any CPU
		{DB242766-733B-4073-B20C-E2AA6D13DB8C}.Release|Any CPU.Build.0 = Release|Any CPU
		{9AE36DC8-12D7-4D12-AA97-7178B98C7132}.Debug|Any CPU.ActiveCfg = Debug|Any CPU
		{9AE36DC8-12D7-4D12-AA97-7178B98C7132}.Debug|Any CPU.Build.0 = Debug|Any CPU
		{9AE36DC8-12D7-4D12-AA97-7178B98C7132}.Release|Any CPU.ActiveCfg = Release|Any CPU
		{9AE36DC8-12D7-4D12-AA97-7178B98C7132}.Release|Any CPU.Build.0 = Release|Any CPU
		{66C28799-91D1-490C-8933-E674B4F33DF5}.Debug|Any CPU.ActiveCfg = Debug|Any CPU
		{66C28799-91D1-490C-8933-E674B4F33DF5}.Debug|Any CPU.Build.0 = Debug|Any CPU
		{66C28799-91D1-490C-8933-E674B4F33DF5}.Release|Any CPU.ActiveCfg = Release|Any CPU
		{66C28799-91D1-490C-8933-E674B4F33DF5}.Release|Any CPU.Build.0 = Release|Any CPU
	EndGlobalSection
	GlobalSection(SolutionProperties) = preSolution
		HideSolutionNode = FALSE
	EndGlobalSection
	GlobalSection(NestedProjects) = preSolution
		{3193A341-094C-4808-9972-173418268894} = {AEE746EC-CEAA-4892-8C29-0CAAB97A23A8}
		{1611F1C6-37BB-4775-B845-6DE76278D8F3} = {74E24C97-8EE4-4B69-AECD-4765FD2C751F}
		{50B87DC0-4501-48F4-A61F-33ED4CF88410} = {74E24C97-8EE4-4B69-AECD-4765FD2C751F}
		{460130DF-2360-494C-BB6F-BD87B033DF9D} = {AEE746EC-CEAA-4892-8C29-0CAAB97A23A8}
		{8E14BC18-583F-43EF-99CF-08932D6303A0} = {74E24C97-8EE4-4B69-AECD-4765FD2C751F}
		{C2957B7C-D601-4850-BCCE-D9AEF07225AB} = {74E24C97-8EE4-4B69-AECD-4765FD2C751F}
		{D3A17A64-CC74-4EA0-95EA-9E141913BF70} = {AEE746EC-CEAA-4892-8C29-0CAAB97A23A8}
		{7C04ECEF-6504-453D-ABD8-FD3D5A2CF7F6} = {74E24C97-8EE4-4B69-AECD-4765FD2C751F}
		{69BBA04D-116C-48EA-A8FD-ECC8CA0D57BE} = {74E24C97-8EE4-4B69-AECD-4765FD2C751F}
		{BB319C5B-9BF5-4DDB-B522-CFC64D7272C4} = {74E24C97-8EE4-4B69-AECD-4765FD2C751F}
		{DB242766-733B-4073-B20C-E2AA6D13DB8C} = {3125C5B5-0FD5-4370-9E22-A44A3BCEED59}
		{9AE36DC8-12D7-4D12-AA97-7178B98C7132} = {AEE746EC-CEAA-4892-8C29-0CAAB97A23A8}
		{66C28799-91D1-490C-8933-E674B4F33DF5} = {3125C5B5-0FD5-4370-9E22-A44A3BCEED59}
	EndGlobalSection
	GlobalSection(ExtensibilityGlobals) = postSolution
		SolutionGuid = {FA9D4C31-972B-49C2-9F63-C56ED766DAB0}
	EndGlobalSection
EndGlobal
