{
  "name": "rules.framework.ui",
  "version": "1.0.0",
  "lockfileVersion": 2,
  "requires": true,
  "packages": {
    "": {
      "name": "rules.framework.ui",
      "version": "1.0.0",
      "dependencies": {
        "glyphicons-only-bootstrap": "1.0.1",
        "jquery": "3.6.1"
      }
    },
    "node_modules/glyphicons-only-bootstrap": {
      "version": "1.0.1",
      "resolved": "https://registry.npmjs.org/glyphicons-only-bootstrap/-/glyphicons-only-bootstrap-1.0.1.tgz",
      "integrity": "sha512-A1zP7yDUC/3+GUFbVTaTw9X2xZWNPLMp0BOsAmkLoWmo1KaNpG1qGdPYo8JnzwGueJ2HQAYvlP9S9OcmcObzHA=="
    },
    "node_modules/jquery": {
      "version": "3.6.1",
      "resolved": "https://registry.npmjs.org/jquery/-/jquery-3.6.1.tgz",
      "integrity": "sha512-opJeO4nCucVnsjiXOE+/PcCgYw9Gwpvs/a6B1LL/lQhwWwpbVEVYDZ1FokFr8PRc7ghYlrFPuyHuiiDNTQxmcw=="
    }
  },
  "dependencies": {
    "glyphicons-only-bootstrap": {
      "version": "1.0.1",
      "resolved": "https://registry.npmjs.org/glyphicons-only-bootstrap/-/glyphicons-only-bootstrap-1.0.1.tgz",
      "integrity": "sha512-A1zP7yDUC/3+GUFbVTaTw9X2xZWNPLMp0BOsAmkLoWmo1KaNpG1qGdPYo8JnzwGueJ2HQAYvlP9S9OcmcObzHA=="
    },
    "jquery": {
      "version": "3.6.1",
      "resolved": "https://registry.npmjs.org/jquery/-/jquery-3.6.1.tgz",
      "integrity": "sha512-opJeO4nCucVnsjiXOE+/PcCgYw9Gwpvs/a6B1LL/lQhwWwpbVEVYDZ1FokFr8PRc7ghYlrFPuyHuiiDNTQxmcw=="
    }
  }
}
